
Microsoft Visual Studio Solution File, Format Version 12.00
# Visual Studio Version 16
VisualStudioVersion = 16.0.30114.105
MinimumVisualStudioVersion = 10.0.40219.1
Project("{FAE04EC0-301F-11D3-BF4B-00C04F79EFBC}") = "Serving", "Serving\Serving.csproj", "{FCECE38B-F2D2-4CF2-A057-3E0B1DA0F695}"
EndProject
Project("{FAE04EC0-301F-11D3-BF4B-00C04F79EFBC}") = "Client", "Client\Client.csproj", "{295AFDB6-B336-494E-A504-7C13E9F862F3}"
EndProject
Project("{FAE04EC0-301F-11D3-BF4B-00C04F79EFBC}") = "TESTING_gRPC", "TESTING_gRPC\TESTING_gRPC.csproj", "{9FB9BBC6-E576-494C-9D12-732B51761893}"
EndProject
Project("{FAE04EC0-301F-11D3-BF4B-00C04F79EFBC}") = "TESTING_gRPC_Client", "TESTING_gRPC_Client\TESTING_gRPC_Client.csproj", "{230E9BBB-5A08-49DE-9F18-B9E5F1692089}"
EndProject
Global
	GlobalSection(SolutionConfigurationPlatforms) = preSolution
		Debug|Any CPU = Debug|Any CPU
		Debug|x64 = Debug|x64
		Debug|x86 = Debug|x86
		Release|Any CPU = Release|Any CPU
		Release|x64 = Release|x64
		Release|x86 = Release|x86
	EndGlobalSection
	GlobalSection(SolutionProperties) = preSolution
		HideSolutionNode = FALSE
	EndGlobalSection
	GlobalSection(ProjectConfigurationPlatforms) = postSolution
		{FCECE38B-F2D2-4CF2-A057-3E0B1DA0F695}.Debug|Any CPU.ActiveCfg = Debug|Any CPU
		{FCECE38B-F2D2-4CF2-A057-3E0B1DA0F695}.Debug|Any CPU.Build.0 = Debug|Any CPU
		{FCECE38B-F2D2-4CF2-A057-3E0B1DA0F695}.Debug|x64.ActiveCfg = Debug|Any CPU
		{FCECE38B-F2D2-4CF2-A057-3E0B1DA0F695}.Debug|x64.Build.0 = Debug|Any CPU
		{FCECE38B-F2D2-4CF2-A057-3E0B1DA0F695}.Debug|x86.ActiveCfg = Debug|Any CPU
		{FCECE38B-F2D2-4CF2-A057-3E0B1DA0F695}.Debug|x86.Build.0 = Debug|Any CPU
		{FCECE38B-F2D2-4CF2-A057-3E0B1DA0F695}.Release|Any CPU.ActiveCfg = Release|Any CPU
		{FCECE38B-F2D2-4CF2-A057-3E0B1DA0F695}.Release|Any CPU.Build.0 = Release|Any CPU
		{FCECE38B-F2D2-4CF2-A057-3E0B1DA0F695}.Release|x64.ActiveCfg = Release|Any CPU
		{FCECE38B-F2D2-4CF2-A057-3E0B1DA0F695}.Release|x64.Build.0 = Release|Any CPU
		{FCECE38B-F2D2-4CF2-A057-3E0B1DA0F695}.Release|x86.ActiveCfg = Release|Any CPU
		{FCECE38B-F2D2-4CF2-A057-3E0B1DA0F695}.Release|x86.Build.0 = Release|Any CPU
		{295AFDB6-B336-494E-A504-7C13E9F862F3}.Debug|Any CPU.ActiveCfg = Debug|Any CPU
		{295AFDB6-B336-494E-A504-7C13E9F862F3}.Debug|Any CPU.Build.0 = Debug|Any CPU
		{295AFDB6-B336-494E-A504-7C13E9F862F3}.Debug|x64.ActiveCfg = Debug|Any CPU
		{295AFDB6-B336-494E-A504-7C13E9F862F3}.Debug|x64.Build.0 = Debug|Any CPU
		{295AFDB6-B336-494E-A504-7C13E9F862F3}.Debug|x86.ActiveCfg = Debug|Any CPU
		{295AFDB6-B336-494E-A504-7C13E9F862F3}.Debug|x86.Build.0 = Debug|Any CPU
		{295AFDB6-B336-494E-A504-7C13E9F862F3}.Release|Any CPU.ActiveCfg = Release|Any CPU
		{295AFDB6-B336-494E-A504-7C13E9F862F3}.Release|Any CPU.Build.0 = Release|Any CPU
		{295AFDB6-B336-494E-A504-7C13E9F862F3}.Release|x64.ActiveCfg = Release|Any CPU
		{295AFDB6-B336-494E-A504-7C13E9F862F3}.Release|x64.Build.0 = Release|Any CPU
		{295AFDB6-B336-494E-A504-7C13E9F862F3}.Release|x86.ActiveCfg = Release|Any CPU
		{295AFDB6-B336-494E-A504-7C13E9F862F3}.Release|x86.Build.0 = Release|Any CPU
		{9FB9BBC6-E576-494C-9D12-732B51761893}.Debug|Any CPU.ActiveCfg = Debug|Any CPU
		{9FB9BBC6-E576-494C-9D12-732B51761893}.Debug|Any CPU.Build.0 = Debug|Any CPU
		{9FB9BBC6-E576-494C-9D12-732B51761893}.Debug|x64.ActiveCfg = Debug|Any CPU
		{9FB9BBC6-E576-494C-9D12-732B51761893}.Debug|x64.Build.0 = Debug|Any CPU
		{9FB9BBC6-E576-494C-9D12-732B51761893}.Debug|x86.ActiveCfg = Debug|Any CPU
		{9FB9BBC6-E576-494C-9D12-732B51761893}.Debug|x86.Build.0 = Debug|Any CPU
		{9FB9BBC6-E576-494C-9D12-732B51761893}.Release|Any CPU.ActiveCfg = Release|Any CPU
		{9FB9BBC6-E576-494C-9D12-732B51761893}.Release|Any CPU.Build.0 = Release|Any CPU
		{9FB9BBC6-E576-494C-9D12-732B51761893}.Release|x64.ActiveCfg = Release|Any CPU
		{9FB9BBC6-E576-494C-9D12-732B51761893}.Release|x64.Build.0 = Release|Any CPU
		{9FB9BBC6-E576-494C-9D12-732B51761893}.Release|x86.ActiveCfg = Release|Any CPU
		{9FB9BBC6-E576-494C-9D12-732B51761893}.Release|x86.Build.0 = Release|Any CPU
		{230E9BBB-5A08-49DE-9F18-B9E5F1692089}.Debug|Any CPU.ActiveCfg = Debug|Any CPU
		{230E9BBB-5A08-49DE-9F18-B9E5F1692089}.Debug|Any CPU.Build.0 = Debug|Any CPU
		{230E9BBB-5A08-49DE-9F18-B9E5F1692089}.Debug|x64.ActiveCfg = Debug|Any CPU
		{230E9BBB-5A08-49DE-9F18-B9E5F1692089}.Debug|x64.Build.0 = Debug|Any CPU
		{230E9BBB-5A08-49DE-9F18-B9E5F1692089}.Debug|x86.ActiveCfg = Debug|Any CPU
		{230E9BBB-5A08-49DE-9F18-B9E5F1692089}.Debug|x86.Build.0 = Debug|Any CPU
		{230E9BBB-5A08-49DE-9F18-B9E5F1692089}.Release|Any CPU.ActiveCfg = Release|Any CPU
		{230E9BBB-5A08-49DE-9F18-B9E5F1692089}.Release|Any CPU.Build.0 = Release|Any CPU
		{230E9BBB-5A08-49DE-9F18-B9E5F1692089}.Release|x64.ActiveCfg = Release|Any CPU
		{230E9BBB-5A08-49DE-9F18-B9E5F1692089}.Release|x64.Build.0 = Release|Any CPU
		{230E9BBB-5A08-49DE-9F18-B9E5F1692089}.Release|x86.ActiveCfg = Release|Any CPU
		{230E9BBB-5A08-49DE-9F18-B9E5F1692089}.Release|x86.Build.0 = Release|Any CPU
	EndGlobalSection
EndGlobal
